
Microsoft Visual Studio Solution File, Format Version 12.00
# Visual Studio Version 17
VisualStudioVersion = 17.11.35303.130
MinimumVisualStudioVersion = 10.0.40219.1
Project("{FAE04EC0-301F-11D3-BF4B-00C04F79EFBC}") = "CursoInterface", "CursoInterface\CursoInterface.csproj", "{FC100D9D-2D51-46EE-BADF-993F7DF93728}"
EndProject
Global
	GlobalSection(SolutionConfigurationPlatforms) = preSolution
		Debug|Any CPU = Debug|Any CPU
		Release|Any CPU = Release|Any CPU
	EndGlobalSection
	GlobalSection(ProjectConfigurationPlatforms) = postSolution
		{FC100D9D-2D51-46EE-BADF-993F7DF93728}.Debug|Any CPU.ActiveCfg = Debug|Any CPU
		{FC100D9D-2D51-46EE-BADF-993F7DF93728}.Debug|Any CPU.Build.0 = Debug|Any CPU
		{FC100D9D-2D51-46EE-BADF-993F7DF93728}.Release|Any CPU.ActiveCfg = Release|Any CPU
		{FC100D9D-2D51-46EE-BADF-993F7DF93728}.Release|Any CPU.Build.0 = Release|Any CPU
	EndGlobalSection
	GlobalSection(SolutionProperties) = preSolution
		HideSolutionNode = FALSE
	EndGlobalSection
	GlobalSection(ExtensibilityGlobals) = postSolution
		SolutionGuid = {A76FD1B0-B57E-49F7-A8CC-75755F65F62E}
	EndGlobalSection
EndGlobal
